
Microsoft Visual Studio Solution File, Format Version 12.00
# Visual Studio Version 17
VisualStudioVersion = 17.10.35122.118
MinimumVisualStudioVersion = 10.0.40219.1
Project("{FAE04EC0-301F-11D3-BF4B-00C04F79EFBC}") = "MatchGame", "MatchGame\MatchGame.csproj", "{B92F5DAA-C145-4D63-91BA-C16B12A73501}"
EndProject
Project("{FAE04EC0-301F-11D3-BF4B-00C04F79EFBC}") = "MatchGameTests", "MatchGameTests\MatchGameTests.csproj", "{2E82B387-3863-404F-9B80-690E7A522565}"
EndProject
Global
	GlobalSection(SolutionConfigurationPlatforms) = preSolution
		Debug|Any CPU = Debug|Any CPU
		Release|Any CPU = Release|Any CPU
	EndGlobalSection
	GlobalSection(ProjectConfigurationPlatforms) = postSolution
		{B92F5DAA-C145-4D63-91BA-C16B12A73501}.Debug|Any CPU.ActiveCfg = Debug|Any CPU
		{B92F5DAA-C145-4D63-91BA-C16B12A73501}.Debug|Any CPU.Build.0 = Debug|Any CPU
		{B92F5DAA-C145-4D63-91BA-C16B12A73501}.Release|Any CPU.ActiveCfg = Release|Any CPU
		{B92F5DAA-C145-4D63-91BA-C16B12A73501}.Release|Any CPU.Build.0 = Release|Any CPU
		{2E82B387-3863-404F-9B80-690E7A522565}.Debug|Any CPU.ActiveCfg = Debug|Any CPU
		{2E82B387-3863-404F-9B80-690E7A522565}.Debug|Any CPU.Build.0 = Debug|Any CPU
		{2E82B387-3863-404F-9B80-690E7A522565}.Release|Any CPU.ActiveCfg = Release|Any CPU
		{2E82B387-3863-404F-9B80-690E7A522565}.Release|Any CPU.Build.0 = Release|Any CPU
	EndGlobalSection
	GlobalSection(SolutionProperties) = preSolution
		HideSolutionNode = FALSE
	EndGlobalSection
	GlobalSection(ExtensibilityGlobals) = postSolution
		SolutionGuid = {FFAC6245-DBC7-4AA6-93D9-097D93D9B3D0}
	EndGlobalSection
EndGlobal
